
Microsoft Visual Studio Solution File, Format Version 11.00
# Visual Studio 2010
# SharpDevelop 4.4
Project("{FAE04EC0-301F-11D3-BF4B-00C04F79EFBC}") = "SA Downgrader RW2", "SA Downgrader RW2\SA Downgrader RW2.csproj", "{7231A22C-71EE-4CC2-9BFD-889D603B3AB3}"
EndProject
Global
	GlobalSection(SolutionConfigurationPlatforms) = preSolution
		Debug|Any CPU = Debug|Any CPU
		Release|Any CPU = Release|Any CPU
	EndGlobalSection
	GlobalSection(ProjectConfigurationPlatforms) = postSolution
		{7231A22C-71EE-4CC2-9BFD-889D603B3AB3}.Debug|Any CPU.Build.0 = Debug|Any CPU
		{7231A22C-71EE-4CC2-9BFD-889D603B3AB3}.Debug|Any CPU.ActiveCfg = Debug|Any CPU
		{7231A22C-71EE-4CC2-9BFD-889D603B3AB3}.Release|Any CPU.Build.0 = Release|Any CPU
		{7231A22C-71EE-4CC2-9BFD-889D603B3AB3}.Release|Any CPU.ActiveCfg = Release|Any CPU
	EndGlobalSection
EndGlobal
